PODS:
  - CSCPayTool (0.2.0):
    - XXAlipaySDK
    - XXWeChatSDK
  - XXAlipaySDK (15.6.5)
  - XXWeChatSDK (1.8.6.1)

DEPENDENCIES:
  - CSCPayTool (from `../`)

SPEC REPOS:
  trunk:
    - XXAlipaySDK
    - XXWeChatSDK

EXTERNAL SOURCES:
  CSCPayTool:
    :path: "../"

SPEC CHECKSUMS:
  CSCPayTool: 5f4e0648094a4ce990f925b951d30984c837548a
  XXAlipaySDK: bc237d196bd2224e97bda99f2e0493538f732fdc
  XXWeChatSDK: b245e9da83db8e277004b71546eddfdb782aed3e

PODFILE CHECKSUM: 4b554afd1edab167f0fb132964aa642d705a08cc

COCOAPODS: 1.8.0
